<Solution>
  <Project Path="Quiz.Api/Quiz.Api.csproj" />
  <Project Path="Quiz.Application/Quiz.Application.csproj" />
  <Project Path="Quiz.Common/Quiz.Common.csproj" />
  <Project Path="Quiz.Domain/Quiz.Domain.csproj" />
  <Project Path="Quiz.Infrastructure/Quiz.Infrastructure.csproj" />
</Solution>
